# This file was autogenerated by Stack.
# You should not edit this file by hand.
# For more information, please see the documentation at:
#   https://docs.haskellstack.org/en/stable/lock_files

packages:
- completed:
    hackage: hex-0.2.0@sha256:197d2561d2e216c4ead035b4911dabc6e678ac6257cb71b64e324c822f6f9f5a,726
    pantry-tree:
      size: 197
      sha256: 1e5aba0165fb8ffa93d1516a87026a59c245750ca5f2ed42bd53b8328620f98e
  original:
    hackage: hex-0.2.0@sha256:197d2561d2e216c4ead035b4911dabc6e678ac6257cb71b64e324c822f6f9f5a,726
snapshots:
- completed:
    size: 565712
    url: https://raw.githubusercontent.com/commercialhaskell/stackage-snapshots/master/lts/17/6.yaml
    sha256: 4e5e581a709c88e3fe26a9ce8bf331435729bead762fb5c190064c6c5bb1b835
  original: lts-17.6
